
Microsoft Visual Studio Solution File, Format Version 12.00
# Visual Studio 15
VisualStudioVersion = 15.0.27130.2003
MinimumVisualStudioVersion = 10.0.40219.1
Project("{9A19103F-16F7-4668-BE54-9A1E7A4F7556}") = "Travix.API.WebAPI", "Travix.API.WebAPI\Travix.API.WebAPI.csproj", "{BA83E663-38EA-482F-81E4-7DB1C46FA3D8}"
EndProject
Project("{9A19103F-16F7-4668-BE54-9A1E7A4F7556}") = "Travix.API.BusinessLogic", "Travix.API.BusinessLogic\Travix.API.BusinessLogic.csproj", "{D37F0885-B041-4936-BDBB-406258D3BCFB}"
EndProject
Project("{9A19103F-16F7-4668-BE54-9A1E7A4F7556}") = "Travix.API.DataAccess", "Travix.API.DataAccess\Travix.API.DataAccess.csproj", "{2493ED64-6186-481F-BDFD-EB9ECE0FB9BC}"
EndProject
Project("{FAE04EC0-301F-11D3-BF4B-00C04F79EFBC}") = "Travix.API.UnitTests", "Travix.API.UnitTests\Travix.API.UnitTests.csproj", "{F064C35D-3D7A-4583-8573-A140CA9D88FB}"
EndProject
Global
	GlobalSection(SolutionConfigurationPlatforms) = preSolution
		Debug|Any CPU = Debug|Any CPU
		Release|Any CPU = Release|Any CPU
	EndGlobalSection
	GlobalSection(ProjectConfigurationPlatforms) = postSolution
		{BA83E663-38EA-482F-81E4-7DB1C46FA3D8}.Debug|Any CPU.ActiveCfg = Debug|Any CPU
		{BA83E663-38EA-482F-81E4-7DB1C46FA3D8}.Debug|Any CPU.Build.0 = Debug|Any CPU
		{BA83E663-38EA-482F-81E4-7DB1C46FA3D8}.Release|Any CPU.ActiveCfg = Release|Any CPU
		{BA83E663-38EA-482F-81E4-7DB1C46FA3D8}.Release|Any CPU.Build.0 = Release|Any CPU
		{D37F0885-B041-4936-BDBB-406258D3BCFB}.Debug|Any CPU.ActiveCfg = Debug|Any CPU
		{D37F0885-B041-4936-BDBB-406258D3BCFB}.Debug|Any CPU.Build.0 = Debug|Any CPU
		{D37F0885-B041-4936-BDBB-406258D3BCFB}.Release|Any CPU.ActiveCfg = Release|Any CPU
		{D37F0885-B041-4936-BDBB-406258D3BCFB}.Release|Any CPU.Build.0 = Release|Any CPU
		{2493ED64-6186-481F-BDFD-EB9ECE0FB9BC}.Debug|Any CPU.ActiveCfg = Debug|Any CPU
		{2493ED64-6186-481F-BDFD-EB9ECE0FB9BC}.Debug|Any CPU.Build.0 = Debug|Any CPU
		{2493ED64-6186-481F-BDFD-EB9ECE0FB9BC}.Release|Any CPU.ActiveCfg = Release|Any CPU
		{2493ED64-6186-481F-BDFD-EB9ECE0FB9BC}.Release|Any CPU.Build.0 = Release|Any CPU
		{F064C35D-3D7A-4583-8573-A140CA9D88FB}.Debug|Any CPU.ActiveCfg = Debug|Any CPU
		{F064C35D-3D7A-4583-8573-A140CA9D88FB}.Debug|Any CPU.Build.0 = Debug|Any CPU
		{F064C35D-3D7A-4583-8573-A140CA9D88FB}.Release|Any CPU.ActiveCfg = Release|Any CPU
		{F064C35D-3D7A-4583-8573-A140CA9D88FB}.Release|Any CPU.Build.0 = Release|Any CPU
	EndGlobalSection
	GlobalSection(SolutionProperties) = preSolution
		HideSolutionNode = FALSE
	EndGlobalSection
	GlobalSection(ExtensibilityGlobals) = postSolution
		SolutionGuid = {4F4CF5DA-BBF8-4EC5-8684-95C34C290211}
	EndGlobalSection
EndGlobal
